lockfileVersion: '6.0'

settings:
  autoInstallPeers: true
  excludeLinksFromLockfile: false

dependencies:
  phaser:
    specifier: ^3.55.2
    version: 3.87.0

packages:

  /eventemitter3@5.0.1:
    resolution: {integrity: sha512-GWkBvjiSZK87ELrYOSESUYeVIc9mvLLf/nXalMOS5dYrgZq9o5OVkbZAVM06CVxYsCwH9BDZFPlQTlPA1j4ahA==}
    dev: false

  /phaser@3.87.0:
    resolution: {integrity: sha512-AyI1b3T5fp05gzf6WUmu2FNqaZL+Y7w88yBRLf7YZXF9bncUSHpnDrupnTGoPqy/RKHRLBcay7zWeqQ2wiMWcw==}
    dependencies:
      eventemitter3: 5.0.1
    dev: false
